// !$*UTF8*$!
{
	archiveVersion = 1;
	classes = {
	};
	objectVersion = 46;
	objects = {

/* Begin PBXBuildFile section */
		7FAA2F491D7B917F00FBE3E5 /* main.cpp in Sources */ = {isa = PBXBuildFile; fileRef = 7FAA2F481D7B917F00FBE3E5 /* main.cpp */; };
		7FAA2F501D7B98D500FBE3E5 /* bond.cpp in Sources */ = {isa = PBXBuildFile; fileRef = 7FAA2F4F1D7B98D500FBE3E5 /* bond.cpp */; };
/* End PBXBuildFile section */

/* Begin PBXCopyFilesBuildPhase section */
		7FAA2F431D7B917F00FBE3E5 /* CopyFiles */ = {
			isa = PBXCopyFilesBuildPhase;
			buildActionMask = 2147483647;
			dstPath = /usr/share/man/man1/;
			dstSubfolderSpec = 0;
			files = (
			);
			runOnlyForDeploymentPostprocessing = 1;
		};
/* End PBXCopyFilesBuildPhase section */

/* Begin PBXFileReference section */
		7FAA2F451D7B917F00FBE3E5 /* Bond */ = {isa = PBXFileReference; explicitFileType = "compiled.mach-o.executable"; includeInIndex = 0; path = Bond; sourceTree = BUILT_PRODUCTS_DIR; };
		7FAA2F481D7B917F00FBE3E5 /* main.cpp */ = {isa = PBXFileReference; lastKnownFileType = sourcecode.cpp.cpp; path = main.cpp; sourceTree = "<group>"; };
		7FAA2F4F1D7B98D500FBE3E5 /* bond.cpp */ = {isa = PBXFileReference; fileEncoding = 4; lastKnownFileType = sourcecode.cpp.cpp; name = bond.cpp; path = Bond/bond.cpp; sourceTree = "<group>"; };
		7FAA2F511D7B98F600FBE3E5 /* bond.h */ = {isa = PBXFileReference; fileEncoding = 4; lastKnownFileType = sourcecode.c.h; name = bond.h; path = Bond/bond.h; sourceTree = "<group>"; };
/* End PBXFileReference section */

/* Begin PBXFrameworksBuildPhase section */
		7FAA2F421D7B917F00FBE3E5 /* Frameworks */ = {
			isa = PBXFrameworksBuildPhase;
			buildActionMask = 2147483647;
			files = (
			);
			runOnlyForDeploymentPostprocessing = 0;
		};
/* End PBXFrameworksBuildPhase section */

/* Begin PBXGroup section */
		7FAA2F3C1D7B917F00FBE3E5 = {
			isa = PBXGroup;
			children = (
				7FAA2F511D7B98F600FBE3E5 /* bond.h */,
				7FAA2F4F1D7B98D500FBE3E5 /* bond.cpp */,
				7FAA2F471D7B917F00FBE3E5 /* Bond */,
				7FAA2F461D7B917F00FBE3E5 /* Products */,
			);
			sourceTree = "<group>";
		};
		7FAA2F461D7B917F00FBE3E5 /* Products */ = {
			isa = PBXGroup;
			children = (
				7FAA2F451D7B917F00FBE3E5 /* Bond */,
			);
			name = Products;
			sourceTree = "<group>";
		};
		7FAA2F471D7B917F00FBE3E5 /* Bond */ = {
			isa = PBXGroup;
			children = (
				7FAA2F481D7B917F00FBE3E5 /* main.cpp */,
			);
			path = Bond;
			sourceTree = "<group>";
		};
/* End PBXGroup section */

/* Begin PBXNativeTarget section */
		7FAA2F441D7B917F00FBE3E5 /* Bond */ = {
			isa = PBXNativeTarget;
			buildConfigurationList = 7FAA2F4C1D7B917F00FBE3E5 /* Build configuration list for PBXNativeTarget "Bond" */;
			buildPhases = (
				7FAA2F411D7B917F00FBE3E5 /* Sources */,
				7FAA2F421D7B917F00FBE3E5 /* Frameworks */,
				7FAA2F431D7B917F00FBE3E5 /* CopyFiles */,
			);
			buildRules = (
			);
			dependencies = (
			);
			name = Bond;
			productName = Bond;
			productReference = 7FAA2F451D7B917F00FBE3E5 /* Bond */;
			productType = "com.apple.product-type.tool";
		};
/* End PBXNativeTarget section */

/* Begin PBXProject section */
		7FAA2F3D1D7B917F00FBE3E5 /* Project object */ = {
			isa = PBXProject;
			attributes = {
				LastUpgradeCheck = 0730;
				ORGANIZATIONNAME = "Yunzhi Yu";
				TargetAttributes = {
					7FAA2F441D7B917F00FBE3E5 = {
						CreatedOnToolsVersion = 7.3.1;
					};
				};
			};
			buildConfigurationList = 7FAA2F401D7B917F00FBE3E5 /* Build configuration list for PBXProject "Bond" */;
			compatibilityVersion = "Xcode 3.2";
			developmentRegion = English;
			hasScannedForEncodings = 0;
			knownRegions = (
				en,
			);
			mainGroup = 7FAA2F3C1D7B917F00FBE3E5;
			productRefGroup = 7FAA2F461D7B917F00FBE3E5 /* Products */;
			projectDirPath = "";
			projectRoot = "";
			targets = (
				7FAA2F441D7B917F00FBE3E5 /* Bond */,
			);
		};
/* End PBXProject section */

/* Begin PBXSourcesBuildPhase section */
		7FAA2F411D7B917F00FBE3E5 /* Sources */ = {
			isa = PBXSourcesBuildPhase;
			buildActionMask = 2147483647;
			files = (
				7FAA2F501D7B98D500FBE3E5 /* bond.cpp in Sources */,
				7FAA2F491D7B917F00FBE3E5 /* main.cpp in Sources */,
			);
			runOnlyForDeploymentPostprocessing = 0;
		};
/* End PBXSourcesBuildPhase section */

/* Begin XCBuildConfiguration section */
		7FAA2F4A1D7B917F00FBE3E5 /* Debug */ = {
			isa = XCBuildConfiguration;
			buildSettings = {
				ALWAYS_SEARCH_USER_PATHS = NO;
				CLANG_ANALYZER_NONNULL = YES;
				CLANG_CXX_LANGUAGE_STANDARD = "gnu++0x";
				CLANG_CXX_LIBRARY = "libc++";
				CLANG_ENABLE_MODULES = YES;
				CLANG_ENABLE_OBJC_ARC = YES;
				CLANG_WARN_BOOL_CONVERSION = YES;
				CLANG_WARN_CONSTANT_CONVERSION = YES;
				CLANG_WARN_DIRECT_OBJC_ISA_USAGE = YES_ERROR;
				CLANG_WARN_EMPTY_BODY = YES;
				CLANG_WARN_ENUM_CONVERSION = YES;
				CLANG_WARN_INT_CONVERSION = YES;
				CLANG_WARN_OBJC_ROOT_CLASS = YES_ERROR;
				CLANG_WARN_UNREACHABLE_CODE = YES;
				CLANG_WARN__DUPLICATE_METHOD_MATCH = YES;
				CODE_SIGN_IDENTITY = "-";
				COPY_PHASE_STRIP = NO;
				DEBUG_INFORMATION_FORMAT = dwarf;
				ENABLE_STRICT_OBJC_MSGSEND = YES;
				ENABLE_TESTABILITY = YES;
				GCC_C_LANGUAGE_STANDARD = gnu99;
				GCC_DYNAMIC_NO_PIC = NO;
				GCC_NO_COMMON_BLOCKS = YES;
				GCC_OPTIMIZATION_LEVEL = 0;
				GCC_PREPROCESSOR_DEFINITIONS = (
					"DEBUG=1",
					"$(inherited)",
				);
				GCC_WARN_64_TO_32_BIT_CONVERSION = YES;
				GCC_WARN_ABOUT_RETURN_TYPE = YES_ERROR;
				GCC_WARN_UNDECLARED_SELECTOR = YES;
				GCC_WARN_UNINITIALIZED_AUTOS = YES_AGGRESSIVE;
				GCC_WARN_UNUSED_FUNCTION = YES;
				GCC_WARN_UNUSED_VARIABLE = YES;
				MACOSX_DEPLOYMENT_TARGET = 10.11;
				MTL_ENABLE_DEBUG_INFO = YES;
				ONLY_ACTIVE_ARCH = YES;
				SDKROOT = macosx;
			};
			name = Debug;
		};
		7FAA2F4B1D7B917F00FBE3E5 /* Release */ = {
			isa = XCBuildConfiguration;
			buildSettings = {
				ALWAYS_SEARCH_USER_PATHS = NO;
				CLANG_ANALYZER_NONNULL = YES;
				CLANG_CXX_LANGUAGE_STANDARD = "gnu++0x";
				CLANG_CXX_LIBRARY = "libc++";
				CLANG_ENABLE_MODULES = YES;
				CLANG_ENABLE_OBJC_ARC = YES;
				CLANG_WARN_BOOL_CONVERSION = YES;
				CLANG_WARN_CONSTANT_CONVERSION = YES;
				CLANG_WARN_DIRECT_OBJC_ISA_USAGE = YES_ERROR;
				CLANG_WARN_EMPTY_BODY = YES;
				CLANG_WARN_ENUM_CONVERSION = YES;
				CLANG_WARN_INT_CONVERSION = YES;
				CLANG_WARN_OBJC_ROOT_CLASS = YES_ERROR;
				CLANG_WARN_UNREACHABLE_CODE = YES;
				CLANG_WARN__DUPLICATE_METHOD_MATCH = YES;
				CODE_SIGN_IDENTITY = "-";
				COPY_PHASE_STRIP = NO;
				DEBUG_INFORMATION_FORMAT = "dwarf-with-dsym";
				ENABLE_NS_ASSERTIONS = NO;
				ENABLE_STRICT_OBJC_MSGSEND = YES;
				GCC_C_LANGUAGE_STANDARD = gnu99;
				GCC_NO_COMMON_BLOCKS = YES;
				GCC_WARN_64_TO_32_BIT_CONVERSION = YES;
				GCC_WARN_ABOUT_RETURN_TYPE = YES_ERROR;
				GCC_WARN_UNDECLARED_SELECTOR = YES;
				GCC_WARN_UNINITIALIZED_AUTOS = YES_AGGRESSIVE;
				GCC_WARN_UNUSED_FUNCTION = YES;
				GCC_WARN_UNUSED_VARIABLE = YES;
				MACOSX_DEPLOYMENT_TARGET = 10.11;
				MTL_ENABLE_DEBUG_INFO = NO;
				SDKROOT = macosx;
			};
			name = Release;
		};
		7FAA2F4D1D7B917F00FBE3E5 /* Debug */ = {
			isa = XCBuildConfiguration;
			buildSettings = {
				PRODUCT_NAME = "$(TARGET_NAME)";
			};
			name = Debug;
		};
		7FAA2F4E1D7B917F00FBE3E5 /* Release */ = {
			isa = XCBuildConfiguration;
			buildSettings = {
				PRODUCT_NAME = "$(TARGET_NAME)";
			};
			name = Release;
		};
/* End XCBuildConfiguration section */

/* Begin XCConfigurationList section */
		7FAA2F401D7B917F00FBE3E5 /* Build configuration list for PBXProject "Bond" */ = {
			isa = XCConfigurationList;
			buildConfigurations = (
				7FAA2F4A1D7B917F00FBE3E5 /* Debug */,
				7FAA2F4B1D7B917F00FBE3E5 /* Release */,
			);
			defaultConfigurationIsVisible = 0;
			defaultConfigurationName = Release;
		};
		7FAA2F4C1D7B917F00FBE3E5 /* Build configuration list for PBXNativeTarget "Bond" */ = {
			isa = XCConfigurationList;
			buildConfigurations = (
				7FAA2F4D1D7B917F00FBE3E5 /* Debug */,
				7FAA2F4E1D7B917F00FBE3E5 /* Release */,
			);
			defaultConfigurationIsVisible = 0;
			defaultConfigurationName = Release;
		};
/* End XCConfigurationList section */
	};
	rootObject = 7FAA2F3D1D7B917F00FBE3E5 /* Project object */;
}
